
Microsoft Visual Studio Solution File, Format Version 12.00
# Visual Studio Version 17
VisualStudioVersion = 17.7.34202.233
MinimumVisualStudioVersion = 10.0.40219.1
Project("{FAE04EC0-301F-11D3-BF4B-00C04F79EFBC}") = "Nakliye Otomasyonu", "projeee\Nakliye Otomasyonu.csproj", "{D95AA750-7A19-4EE9-98BA-83C3D196A163}"
EndProject
Global
	GlobalSection(SolutionConfigurationPlatforms) = preSolution
		Debug|Any CPU = Debug|Any CPU
		Release|Any CPU = Release|Any CPU
	EndGlobalSection
	GlobalSection(ProjectConfigurationPlatforms) = postSolution
		{D95AA750-7A19-4EE9-98BA-83C3D196A163}.Debug|Any CPU.ActiveCfg = Debug|Any CPU
		{D95AA750-7A19-4EE9-98BA-83C3D196A163}.Debug|Any CPU.Build.0 = Debug|Any CPU
		{D95AA750-7A19-4EE9-98BA-83C3D196A163}.Release|Any CPU.ActiveCfg = Release|Any CPU
		{D95AA750-7A19-4EE9-98BA-83C3D196A163}.Release|Any CPU.Build.0 = Release|Any CPU
	EndGlobalSection
	GlobalSection(SolutionProperties) = preSolution
		HideSolutionNode = FALSE
	EndGlobalSection
	GlobalSection(ExtensibilityGlobals) = postSolution
		SolutionGuid = {0B71D73E-FE87-4CAE-8B3F-AC2846986516}
	EndGlobalSection
EndGlobal
